
Microsoft Visual Studio Solution File, Format Version 12.00
# Visual Studio Version 17
VisualStudioVersion = 17.11.35312.102
MinimumVisualStudioVersion = 10.0.40219.1
Project("{FAE04EC0-301F-11D3-BF4B-00C04F79EFBC}") = "SpeedyAir", "SpeedyAir.csproj", "{AB80CB42-20A4-4694-A568-5A303F906F5B}"
EndProject
Global
	GlobalSection(SolutionConfigurationPlatforms) = preSolution
		Debug|Any CPU = Debug|Any CPU
		Release|Any CPU = Release|Any CPU
	EndGlobalSection
	GlobalSection(ProjectConfigurationPlatforms) = postSolution
		{AB80CB42-20A4-4694-A568-5A303F906F5B}.Debug|Any CPU.ActiveCfg = Debug|Any CPU
		{AB80CB42-20A4-4694-A568-5A303F906F5B}.Debug|Any CPU.Build.0 = Debug|Any CPU
		{AB80CB42-20A4-4694-A568-5A303F906F5B}.Release|Any CPU.ActiveCfg = Release|Any CPU
		{AB80CB42-20A4-4694-A568-5A303F906F5B}.Release|Any CPU.Build.0 = Release|Any CPU
	EndGlobalSection
	GlobalSection(SolutionProperties) = preSolution
		HideSolutionNode = FALSE
	EndGlobalSection
	GlobalSection(ExtensibilityGlobals) = postSolution
		SolutionGuid = {B091D390-D802-4E61-8149-6FE97CD56CFF}
	EndGlobalSection
EndGlobal
